
Microsoft Visual Studio Solution File, Format Version 12.00
# Visual Studio Version 17
VisualStudioVersion = 17.8.34330.188
MinimumVisualStudioVersion = 10.0.40219.1
Project("{FAE04EC0-301F-11D3-BF4B-00C04F79EFBC}") = "Api_Clientes", "Api_Clientes\Api_Clientes.csproj", "{A61998F4-A728-43EE-A5C8-2A83F6945844}"
EndProject
Project("{FAE04EC0-301F-11D3-BF4B-00C04F79EFBC}") = "Api_Post_Clientes", "Api_Post_Clientes\Api_Post_Clientes.csproj", "{924D4D48-29FE-44AA-A5C2-E909E4BD359D}"
EndProject
Project("{FAE04EC0-301F-11D3-BF4B-00C04F79EFBC}") = "FrontEnd", "FrontEnd\FrontEnd.csproj", "{DD6654BA-8CFC-4FA5-B9DA-4FB676F660A9}"
EndProject
Global
	GlobalSection(SolutionConfigurationPlatforms) = preSolution
		Debug|Any CPU = Debug|Any CPU
		Release|Any CPU = Release|Any CPU
	EndGlobalSection
	GlobalSection(ProjectConfigurationPlatforms) = postSolution
		{A61998F4-A728-43EE-A5C8-2A83F6945844}.Debug|Any CPU.ActiveCfg = Debug|Any CPU
		{A61998F4-A728-43EE-A5C8-2A83F6945844}.Debug|Any CPU.Build.0 = Debug|Any CPU
		{A61998F4-A728-43EE-A5C8-2A83F6945844}.Release|Any CPU.ActiveCfg = Release|Any CPU
		{A61998F4-A728-43EE-A5C8-2A83F6945844}.Release|Any CPU.Build.0 = Release|Any CPU
		{924D4D48-29FE-44AA-A5C2-E909E4BD359D}.Debug|Any CPU.ActiveCfg = Debug|Any CPU
		{924D4D48-29FE-44AA-A5C2-E909E4BD359D}.Debug|Any CPU.Build.0 = Debug|Any CPU
		{924D4D48-29FE-44AA-A5C2-E909E4BD359D}.Release|Any CPU.ActiveCfg = Release|Any CPU
		{924D4D48-29FE-44AA-A5C2-E909E4BD359D}.Release|Any CPU.Build.0 = Release|Any CPU
		{DD6654BA-8CFC-4FA5-B9DA-4FB676F660A9}.Debug|Any CPU.ActiveCfg = Debug|Any CPU
		{DD6654BA-8CFC-4FA5-B9DA-4FB676F660A9}.Debug|Any CPU.Build.0 = Debug|Any CPU
		{DD6654BA-8CFC-4FA5-B9DA-4FB676F660A9}.Release|Any CPU.ActiveCfg = Release|Any CPU
		{DD6654BA-8CFC-4FA5-B9DA-4FB676F660A9}.Release|Any CPU.Build.0 = Release|Any CPU
	EndGlobalSection
	GlobalSection(SolutionProperties) = preSolution
		HideSolutionNode = FALSE
	EndGlobalSection
	GlobalSection(ExtensibilityGlobals) = postSolution
		SolutionGuid = {DD58EC48-F304-4214-AE35-C21C836C371B}
	EndGlobalSection
EndGlobal
